
Microsoft Visual Studio Solution File, Format Version 12.00
# Visual Studio Version 17
VisualStudioVersion = 17.3.32811.315
MinimumVisualStudioVersion = 10.0.40219.1
Project("{2150E333-8FDC-42A3-9474-1A3956D46DE8}") = "src", "src", "{8AA3F6E6-8A1F-4C35-B655-F7EA40B0A39B}"
EndProject
Project("{2150E333-8FDC-42A3-9474-1A3956D46DE8}") = "corePackages", "corePackages", "{51F38B9F-3F7E-4D48-9259-ABB7A9300C07}"
EndProject
Project("{2150E333-8FDC-42A3-9474-1A3956D46DE8}") = "kodlamaioDevs", "kodlamaioDevs", "{EC24D767-D683-46A8-ACE5-62340D25B4C3}"
EndProject
Project("{9A19103F-16F7-4668-BE54-9A1E7A4F7556}") = "Domain", "src\kodlamaioDevs\Domain\Domain.csproj", "{CA432FFA-3187-466F-A55C-90295156E637}"
EndProject
Project("{9A19103F-16F7-4668-BE54-9A1E7A4F7556}") = "Infrastructure", "src\kodlamaioDevs\Infrastructure\Infrastructure.csproj", "{284A3DD5-CC40-48EB-AAD2-D98EAD0BF62C}"
EndProject
Project("{9A19103F-16F7-4668-BE54-9A1E7A4F7556}") = "Application", "src\kodlamaioDevs\Application\Application.csproj", "{FC1D2A51-6B1F-46B3-B267-3EA75446B1E2}"
EndProject
Project("{9A19103F-16F7-4668-BE54-9A1E7A4F7556}") = "Persistence", "src\kodlamaioDevs\Persistence\Persistence.csproj", "{E1B6C532-BB02-46D4-A265-76FF89476A2A}"
EndProject
Project("{9A19103F-16F7-4668-BE54-9A1E7A4F7556}") = "Core.Persistence", "src\corePackages\Core.Persistence\Core.Persistence.csproj", "{7CBB2CD3-05FD-4CA4-A284-5828FC90261B}"
EndProject
Project("{9A19103F-16F7-4668-BE54-9A1E7A4F7556}") = "WebAPI", "src\kodlamaioDevs\WebAPI\WebAPI.csproj", "{2532EB0E-CE4B-4BB6-A825-CB1B4C29BB19}"
EndProject
Project("{9A19103F-16F7-4668-BE54-9A1E7A4F7556}") = "Core.CrossCuttingConcerns", "src\corePackages\Core.CrossCuttingConcerns\Core.CrossCuttingConcerns.csproj", "{81ED4775-4BCB-4571-AC57-FE4AC1783DAC}"
EndProject
Project("{FAE04EC0-301F-11D3-BF4B-00C04F79EFBC}") = "Core.Application", "src\corePackages\Core.Application\Core.Application.csproj", "{BEF08C6A-8210-4CB5-AA6B-7C59EC6A4ABE}"
EndProject
Global
	GlobalSection(SolutionConfigurationPlatforms) = preSolution
		Debug|Any CPU = Debug|Any CPU
		Release|Any CPU = Release|Any CPU
	EndGlobalSection
	GlobalSection(ProjectConfigurationPlatforms) = postSolution
		{CA432FFA-3187-466F-A55C-90295156E637}.Debug|Any CPU.ActiveCfg = Debug|Any CPU
		{CA432FFA-3187-466F-A55C-90295156E637}.Debug|Any CPU.Build.0 = Debug|Any CPU
		{CA432FFA-3187-466F-A55C-90295156E637}.Release|Any CPU.ActiveCfg = Release|Any CPU
		{CA432FFA-3187-466F-A55C-90295156E637}.Release|Any CPU.Build.0 = Release|Any CPU
		{284A3DD5-CC40-48EB-AAD2-D98EAD0BF62C}.Debug|Any CPU.ActiveCfg = Debug|Any CPU
		{284A3DD5-CC40-48EB-AAD2-D98EAD0BF62C}.Debug|Any CPU.Build.0 = Debug|Any CPU
		{284A3DD5-CC40-48EB-AAD2-D98EAD0BF62C}.Release|Any CPU.ActiveCfg = Release|Any CPU
		{284A3DD5-CC40-48EB-AAD2-D98EAD0BF62C}.Release|Any CPU.Build.0 = Release|Any CPU
		{FC1D2A51-6B1F-46B3-B267-3EA75446B1E2}.Debug|Any CPU.ActiveCfg = Debug|Any CPU
		{FC1D2A51-6B1F-46B3-B267-3EA75446B1E2}.Debug|Any CPU.Build.0 = Debug|Any CPU
		{FC1D2A51-6B1F-46B3-B267-3EA75446B1E2}.Release|Any CPU.ActiveCfg = Release|Any CPU
		{FC1D2A51-6B1F-46B3-B267-3EA75446B1E2}.Release|Any CPU.Build.0 = Release|Any CPU
		{E1B6C532-BB02-46D4-A265-76FF89476A2A}.Debug|Any CPU.ActiveCfg = Debug|Any CPU
		{E1B6C532-BB02-46D4-A265-76FF89476A2A}.Debug|Any CPU.Build.0 = Debug|Any CPU
		{E1B6C532-BB02-46D4-A265-76FF89476A2A}.Release|Any CPU.ActiveCfg = Release|Any CPU
		{E1B6C532-BB02-46D4-A265-76FF89476A2A}.Release|Any CPU.Build.0 = Release|Any CPU
		{7CBB2CD3-05FD-4CA4-A284-5828FC90261B}.Debug|Any CPU.ActiveCfg = Debug|Any CPU
		{7CBB2CD3-05FD-4CA4-A284-5828FC90261B}.Debug|Any CPU.Build.0 = Debug|Any CPU
		{7CBB2CD3-05FD-4CA4-A284-5828FC90261B}.Release|Any CPU.ActiveCfg = Release|Any CPU
		{7CBB2CD3-05FD-4CA4-A284-5828FC90261B}.Release|Any CPU.Build.0 = Release|Any CPU
		{2532EB0E-CE4B-4BB6-A825-CB1B4C29BB19}.Debug|Any CPU.ActiveCfg = Debug|Any CPU
		{2532EB0E-CE4B-4BB6-A825-CB1B4C29BB19}.Debug|Any CPU.Build.0 = Debug|Any CPU
		{2532EB0E-CE4B-4BB6-A825-CB1B4C29BB19}.Release|Any CPU.ActiveCfg = Release|Any CPU
		{2532EB0E-CE4B-4BB6-A825-CB1B4C29BB19}.Release|Any CPU.Build.0 = Release|Any CPU
		{81ED4775-4BCB-4571-AC57-FE4AC1783DAC}.Debug|Any CPU.ActiveCfg = Debug|Any CPU
		{81ED4775-4BCB-4571-AC57-FE4AC1783DAC}.Debug|Any CPU.Build.0 = Debug|Any CPU
		{81ED4775-4BCB-4571-AC57-FE4AC1783DAC}.Release|Any CPU.ActiveCfg = Release|Any CPU
		{81ED4775-4BCB-4571-AC57-FE4AC1783DAC}.Release|Any CPU.Build.0 = Release|Any CPU
		{BEF08C6A-8210-4CB5-AA6B-7C59EC6A4ABE}.Debug|Any CPU.ActiveCfg = Debug|Any CPU
		{BEF08C6A-8210-4CB5-AA6B-7C59EC6A4ABE}.Debug|Any CPU.Build.0 = Debug|Any CPU
		{BEF08C6A-8210-4CB5-AA6B-7C59EC6A4ABE}.Release|Any CPU.ActiveCfg = Release|Any CPU
		{BEF08C6A-8210-4CB5-AA6B-7C59EC6A4ABE}.Release|Any CPU.Build.0 = Release|Any CPU
	EndGlobalSection
	GlobalSection(SolutionProperties) = preSolution
		HideSolutionNode = FALSE
	EndGlobalSection
	GlobalSection(NestedProjects) = preSolution
		{51F38B9F-3F7E-4D48-9259-ABB7A9300C07} = {8AA3F6E6-8A1F-4C35-B655-F7EA40B0A39B}
		{EC24D767-D683-46A8-ACE5-62340D25B4C3} = {8AA3F6E6-8A1F-4C35-B655-F7EA40B0A39B}
		{CA432FFA-3187-466F-A55C-90295156E637} = {EC24D767-D683-46A8-ACE5-62340D25B4C3}
		{284A3DD5-CC40-48EB-AAD2-D98EAD0BF62C} = {EC24D767-D683-46A8-ACE5-62340D25B4C3}
		{FC1D2A51-6B1F-46B3-B267-3EA75446B1E2} = {EC24D767-D683-46A8-ACE5-62340D25B4C3}
		{E1B6C532-BB02-46D4-A265-76FF89476A2A} = {EC24D767-D683-46A8-ACE5-62340D25B4C3}
		{7CBB2CD3-05FD-4CA4-A284-5828FC90261B} = {51F38B9F-3F7E-4D48-9259-ABB7A9300C07}
		{2532EB0E-CE4B-4BB6-A825-CB1B4C29BB19} = {EC24D767-D683-46A8-ACE5-62340D25B4C3}
		{81ED4775-4BCB-4571-AC57-FE4AC1783DAC} = {51F38B9F-3F7E-4D48-9259-ABB7A9300C07}
		{BEF08C6A-8210-4CB5-AA6B-7C59EC6A4ABE} = {51F38B9F-3F7E-4D48-9259-ABB7A9300C07}
	EndGlobalSection
	GlobalSection(ExtensibilityGlobals) = postSolution
		SolutionGuid = {B69AA201-AE8B-4D15-A79E-54DADED5AB01}
	EndGlobalSection
EndGlobal
